
Microsoft Visual Studio Solution File, Format Version 12.00
# Visual Studio 15
VisualStudioVersion = 15.0.27703.2042
MinimumVisualStudioVersion = 10.0.40219.1
Project("{2150E333-8FDC-42A3-9474-1A3956D46DE8}") = "Data", "Data", "{2B3A52B0-5A66-4116-BAD5-B8577333D132}"
EndProject
Project("{00D1A9C2-B5F0-4AF3-8072-F6C62B433612}") = "EKSurvey.Db", "Data\EKSurvey.Db\EKSurvey.Db.sqlproj", "{913CFDE4-F626-4472-B084-A234FD941A1F}"
EndProject
Project("{2150E333-8FDC-42A3-9474-1A3956D46DE8}") = "UI", "UI", "{8A02BFC4-E479-4E76-9999-06D8660CC58D}"
EndProject
Project("{FAE04EC0-301F-11D3-BF4B-00C04F79EFBC}") = "EKSurvey.UI", "UI\EKSurvey.UI\EKSurvey.UI.csproj", "{D01FEA71-7012-42D3-B3C2-1AFC892F8C24}"
EndProject
Global
	GlobalSection(SolutionConfigurationPlatforms) = preSolution
		Debug|Any CPU = Debug|Any CPU
		Release|Any CPU = Release|Any CPU
	EndGlobalSection
	GlobalSection(ProjectConfigurationPlatforms) = postSolution
		{913CFDE4-F626-4472-B084-A234FD941A1F}.Debug|Any CPU.ActiveCfg = Debug|Any CPU
		{913CFDE4-F626-4472-B084-A234FD941A1F}.Debug|Any CPU.Build.0 = Debug|Any CPU
		{913CFDE4-F626-4472-B084-A234FD941A1F}.Debug|Any CPU.Deploy.0 = Debug|Any CPU
		{913CFDE4-F626-4472-B084-A234FD941A1F}.Release|Any CPU.ActiveCfg = Release|Any CPU
		{913CFDE4-F626-4472-B084-A234FD941A1F}.Release|Any CPU.Build.0 = Release|Any CPU
		{913CFDE4-F626-4472-B084-A234FD941A1F}.Release|Any CPU.Deploy.0 = Release|Any CPU
		{D01FEA71-7012-42D3-B3C2-1AFC892F8C24}.Debug|Any CPU.ActiveCfg = Debug|Any CPU
		{D01FEA71-7012-42D3-B3C2-1AFC892F8C24}.Debug|Any CPU.Build.0 = Debug|Any CPU
		{D01FEA71-7012-42D3-B3C2-1AFC892F8C24}.Release|Any CPU.ActiveCfg = Release|Any CPU
		{D01FEA71-7012-42D3-B3C2-1AFC892F8C24}.Release|Any CPU.Build.0 = Release|Any CPU
	EndGlobalSection
	GlobalSection(SolutionProperties) = preSolution
		HideSolutionNode = FALSE
	EndGlobalSection
	GlobalSection(NestedProjects) = preSolution
		{913CFDE4-F626-4472-B084-A234FD941A1F} = {2B3A52B0-5A66-4116-BAD5-B8577333D132}
		{D01FEA71-7012-42D3-B3C2-1AFC892F8C24} = {8A02BFC4-E479-4E76-9999-06D8660CC58D}
	EndGlobalSection
	GlobalSection(ExtensibilityGlobals) = postSolution
		SolutionGuid = {94BEE1FC-3BC3-4D6F-B1D3-9D1FF8331725}
	EndGlobalSection
EndGlobal
